
Microsoft Visual Studio Solution File, Format Version 12.00
# Visual Studio Version 17
VisualStudioVersion = 17.9.34714.143
MinimumVisualStudioVersion = 10.0.40219.1
Project("{FAE04EC0-301F-11D3-BF4B-00C04F79EFBC}") = "RepositoryPatternWithUOW.Api", "RepositoryPatternWithUOW.Api\RepositoryPatternWithUOW.Api.csproj", "{7144ACD5-DE60-4574-B060-2F29EF32E108}"
EndProject
Project("{FAE04EC0-301F-11D3-BF4B-00C04F79EFBC}") = "RepositoryPatternWithUOW.Core", "RepositoryPatternWithUOW.Core\RepositoryPatternWithUOW.Core.csproj", "{93A9FC69-FE15-40E1-AEC0-C2CFE2E0E8ED}"
EndProject
Project("{FAE04EC0-301F-11D3-BF4B-00C04F79EFBC}") = "RepositoryPatternWithUOW.EF", "RepositoryPatternWithUOW.EF\RepositoryPatternWithUOW.EF.csproj", "{072D66AA-09AF-44FC-9670-4238E79B3FF4}"
EndProject
Global
	GlobalSection(SolutionConfigurationPlatforms) = preSolution
		Debug|Any CPU = Debug|Any CPU
		Release|Any CPU = Release|Any CPU
	EndGlobalSection
	GlobalSection(ProjectConfigurationPlatforms) = postSolution
		{7144ACD5-DE60-4574-B060-2F29EF32E108}.Debug|Any CPU.ActiveCfg = Debug|Any CPU
		{7144ACD5-DE60-4574-B060-2F29EF32E108}.Debug|Any CPU.Build.0 = Debug|Any CPU
		{7144ACD5-DE60-4574-B060-2F29EF32E108}.Release|Any CPU.ActiveCfg = Release|Any CPU
		{7144ACD5-DE60-4574-B060-2F29EF32E108}.Release|Any CPU.Build.0 = Release|Any CPU
		{93A9FC69-FE15-40E1-AEC0-C2CFE2E0E8ED}.Debug|Any CPU.ActiveCfg = Debug|Any CPU
		{93A9FC69-FE15-40E1-AEC0-C2CFE2E0E8ED}.Debug|Any CPU.Build.0 = Debug|Any CPU
		{93A9FC69-FE15-40E1-AEC0-C2CFE2E0E8ED}.Release|Any CPU.ActiveCfg = Release|Any CPU
		{93A9FC69-FE15-40E1-AEC0-C2CFE2E0E8ED}.Release|Any CPU.Build.0 = Release|Any CPU
		{072D66AA-09AF-44FC-9670-4238E79B3FF4}.Debug|Any CPU.ActiveCfg = Debug|Any CPU
		{072D66AA-09AF-44FC-9670-4238E79B3FF4}.Debug|Any CPU.Build.0 = Debug|Any CPU
		{072D66AA-09AF-44FC-9670-4238E79B3FF4}.Release|Any CPU.ActiveCfg = Release|Any CPU
		{072D66AA-09AF-44FC-9670-4238E79B3FF4}.Release|Any CPU.Build.0 = Release|Any CPU
	EndGlobalSection
	GlobalSection(SolutionProperties) = preSolution
		HideSolutionNode = FALSE
	EndGlobalSection
	GlobalSection(ExtensibilityGlobals) = postSolution
		SolutionGuid = {49D7EA62-962F-4DA4-BEF6-D82E89AEC4A9}
	EndGlobalSection
EndGlobal
